
Microsoft Visual Studio Solution File, Format Version 12.00
# Visual Studio 15
VisualStudioVersion = 15.0.27004.2002
MinimumVisualStudioVersion = 10.0.40219.1
Project("{FAE04EC0-301F-11D3-BF4B-00C04F79EFBC}") = "howto_owner_draw_listbox_with_pictures", "howto_owner_draw_listbox_with_pictures.csproj", "{D6FB26A8-5A95-419A-8EB7-17B7CA7D053A}"
EndProject
Global
	GlobalSection(SolutionConfigurationPlatforms) = preSolution
		Debug|Any CPU = Debug|Any CPU
		Release|Any CPU = Release|Any CPU
	EndGlobalSection
	GlobalSection(ProjectConfigurationPlatforms) = postSolution
		{D6FB26A8-5A95-419A-8EB7-17B7CA7D053A}.Debug|Any CPU.ActiveCfg = Debug|Any CPU
		{D6FB26A8-5A95-419A-8EB7-17B7CA7D053A}.Debug|Any CPU.Build.0 = Debug|Any CPU
		{D6FB26A8-5A95-419A-8EB7-17B7CA7D053A}.Release|Any CPU.ActiveCfg = Release|Any CPU
		{D6FB26A8-5A95-419A-8EB7-17B7CA7D053A}.Release|Any CPU.Build.0 = Release|Any CPU
	EndGlobalSection
	GlobalSection(SolutionProperties) = preSolution
		HideSolutionNode = FALSE
	EndGlobalSection
	GlobalSection(ExtensibilityGlobals) = postSolution
		SolutionGuid = {CADB995F-CD78-434A-BCC5-73A18FBA3297}
	EndGlobalSection
EndGlobal
